
Microsoft Visual Studio Solution File, Format Version 12.00
# Visual Studio Version 17
VisualStudioVersion = 17.14.36401.2
MinimumVisualStudioVersion = 10.0.40219.1
Project("{FAE04EC0-301F-11D3-BF4B-00C04F79EFBC}") = "ViverAppMobile", "ViverAppMobile.csproj", "{DF6976BB-D7AD-4FFA-95E9-6397292F6CD2}"
EndProject
Project("{FAE04EC0-301F-11D3-BF4B-00C04F79EFBC}") = "ViverApp.Shared", "..\ViverApp.Shared\ViverApp.Shared.csproj", "{606CDE88-6BED-4938-B927-5F965446E64A}"
EndProject
Project("{FAE04EC0-301F-11D3-BF4B-00C04F79EFBC}") = "ViverAppApi", "..\ViverAppApi\ViverAppApi.csproj", "{A367671D-5803-3BCA-72AC-E7226DCF02F5}"
EndProject
Project("{FAE04EC0-301F-11D3-BF4B-00C04F79EFBC}") = "ViverAppNotificationWorker", "..\ViverAppEmailWorker\ViverAppNotificationWorker.csproj", "{21EFB572-F88E-42C6-9C65-1EA77C5CDC13}"
EndProject
Project("{FAE04EC0-301F-11D3-BF4B-00C04F79EFBC}") = "ViverAppVideoHub", "..\ViverAppVideoHub\ViverAppVideoHub.csproj", "{DD350D34-4B1A-4DFA-B8A5-7855A71A6AFC}"
EndProject
Global
	GlobalSection(SolutionConfigurationPlatforms) = preSolution
		Debug|Any CPU = Debug|Any CPU
		Release|Any CPU = Release|Any CPU
	EndGlobalSection
	GlobalSection(ProjectConfigurationPlatforms) = postSolution
		{DF6976BB-D7AD-4FFA-95E9-6397292F6CD2}.Debug|Any CPU.ActiveCfg = Debug|Any CPU
		{DF6976BB-D7AD-4FFA-95E9-6397292F6CD2}.Debug|Any CPU.Build.0 = Debug|Any CPU
		{DF6976BB-D7AD-4FFA-95E9-6397292F6CD2}.Release|Any CPU.ActiveCfg = Release|Any CPU
		{DF6976BB-D7AD-4FFA-95E9-6397292F6CD2}.Release|Any CPU.Build.0 = Release|Any CPU
		{606CDE88-6BED-4938-B927-5F965446E64A}.Debug|Any CPU.ActiveCfg = Debug|Any CPU
		{606CDE88-6BED-4938-B927-5F965446E64A}.Debug|Any CPU.Build.0 = Debug|Any CPU
		{606CDE88-6BED-4938-B927-5F965446E64A}.Release|Any CPU.ActiveCfg = Release|Any CPU
		{606CDE88-6BED-4938-B927-5F965446E64A}.Release|Any CPU.Build.0 = Release|Any CPU
		{A367671D-5803-3BCA-72AC-E7226DCF02F5}.Debug|Any CPU.ActiveCfg = Debug|Any CPU
		{A367671D-5803-3BCA-72AC-E7226DCF02F5}.Debug|Any CPU.Build.0 = Debug|Any CPU
		{A367671D-5803-3BCA-72AC-E7226DCF02F5}.Release|Any CPU.ActiveCfg = Release|Any CPU
		{A367671D-5803-3BCA-72AC-E7226DCF02F5}.Release|Any CPU.Build.0 = Release|Any CPU
		{21EFB572-F88E-42C6-9C65-1EA77C5CDC13}.Debug|Any CPU.ActiveCfg = Debug|Any CPU
		{21EFB572-F88E-42C6-9C65-1EA77C5CDC13}.Debug|Any CPU.Build.0 = Debug|Any CPU
		{21EFB572-F88E-42C6-9C65-1EA77C5CDC13}.Release|Any CPU.ActiveCfg = Release|Any CPU
		{21EFB572-F88E-42C6-9C65-1EA77C5CDC13}.Release|Any CPU.Build.0 = Release|Any CPU
		{DD350D34-4B1A-4DFA-B8A5-7855A71A6AFC}.Debug|Any CPU.ActiveCfg = Debug|Any CPU
		{DD350D34-4B1A-4DFA-B8A5-7855A71A6AFC}.Debug|Any CPU.Build.0 = Debug|Any CPU
		{DD350D34-4B1A-4DFA-B8A5-7855A71A6AFC}.Release|Any CPU.ActiveCfg = Release|Any CPU
		{DD350D34-4B1A-4DFA-B8A5-7855A71A6AFC}.Release|Any CPU.Build.0 = Release|Any CPU
	EndGlobalSection
	GlobalSection(SolutionProperties) = preSolution
		HideSolutionNode = FALSE
	EndGlobalSection
	GlobalSection(ExtensibilityGlobals) = postSolution
		SolutionGuid = {00A024E5-EABB-46F0-AF10-2E718C5DE53B}
	EndGlobalSection
EndGlobal
